
Microsoft Visual Studio Solution File, Format Version 12.00
# Visual Studio Version 16
VisualStudioVersion = 16.0.31624.102
MinimumVisualStudioVersion = 10.0.40219.1
Project("{D954291E-2A0B-460D-934E-DC6B0785DB48}") = "DMS.Shared", "DMS.Shared\DMS.Shared.shproj", "{6279C845-92F8-4333-AB99-3D213163593C}"
EndProject
Project("{2150E333-8FDC-42A3-9474-1A3956D46DE8}") = "Platforms", "Platforms", "{5D93C4D3-E327-455F-AE82-13A7A461B161}"
EndProject
Project("{FAE04EC0-301F-11D3-BF4B-00C04F79EFBC}") = "DMS.Droid", "DMS.Droid\DMS.Droid.csproj", "{17E4ECE4-83E1-4279-B570-3885C822841E}"
EndProject
Project("{FAE04EC0-301F-11D3-BF4B-00C04F79EFBC}") = "DMS.iOS", "DMS.iOS\DMS.iOS.csproj", "{F8BFD0E6-5226-47F9-81A8-39F8E1802D96}"
EndProject
Project("{FAE04EC0-301F-11D3-BF4B-00C04F79EFBC}") = "DMS.UWP", "DMS.UWP\DMS.UWP.csproj", "{B159E42A-0FA9-4FD6-B13A-414BB905921A}"
EndProject
Project("{FAE04EC0-301F-11D3-BF4B-00C04F79EFBC}") = "DMS.Wasm", "DMS.Wasm\DMS.Wasm.csproj", "{011046FD-B899-4644-8BF6-09FAB257C873}"
EndProject
Project("{FAE04EC0-301F-11D3-BF4B-00C04F79EFBC}") = "DMS.macOS", "DMS.macOS\DMS.macOS.csproj", "{0BC37E0B-6DA4-4E8F-8D64-CA711554DEBD}"
EndProject
Project("{FAE04EC0-301F-11D3-BF4B-00C04F79EFBC}") = "DMS.Skia.Wpf.Host", "DMS.Skia.Wpf.Host\DMS.Skia.Wpf.Host.csproj", "{16F83CCE-F2CB-48A4-8343-DDAF733EE82F}"
EndProject
Project("{FAE04EC0-301F-11D3-BF4B-00C04F79EFBC}") = "DMS.Skia.Wpf", "DMS.Skia.Wpf\DMS.Skia.Wpf.csproj", "{3E229D0A-04F0-4426-B27A-A69307841338}"
EndProject
Project("{FAE04EC0-301F-11D3-BF4B-00C04F79EFBC}") = "DMS.Skia.Gtk", "DMS.Skia.Gtk\DMS.Skia.Gtk.csproj", "{6647EDA0-AE52-4C1B-8F69-CB8E6CABF75F}"
EndProject
Project("{FAE04EC0-301F-11D3-BF4B-00C04F79EFBC}") = "DMS.Skia.Tizen", "DMS.Skia.Tizen\DMS.Skia.Tizen.csproj", "{BFFAA9FE-9ED1-414A-959E-CA0F55E91812}"
EndProject
Global
	GlobalSection(SharedMSBuildProjectFiles) = preSolution
		DMS.Shared\DMS.Shared.projitems*{011046fd-b899-4644-8bf6-09fab257c873}*SharedItemsImports = 5
		DMS.Shared\DMS.Shared.projitems*{0bc37e0b-6da4-4e8f-8d64-ca711554debd}*SharedItemsImports = 4
		DMS.Shared\DMS.Shared.projitems*{17e4ece4-83e1-4279-b570-3885c822841e}*SharedItemsImports = 4
		DMS.Shared\DMS.Shared.projitems*{3e229d0a-04f0-4426-b27a-a69307841338}*SharedItemsImports = 5
		DMS.Shared\DMS.Shared.projitems*{6279c845-92f8-4333-ab99-3d213163593c}*SharedItemsImports = 13
		DMS.Shared\DMS.Shared.projitems*{6647eda0-ae52-4c1b-8f69-cb8e6cabf75f}*SharedItemsImports = 5
		DMS.Shared\DMS.Shared.projitems*{b159e42a-0fa9-4fd6-b13a-414bb905921a}*SharedItemsImports = 4
		DMS.Shared\DMS.Shared.projitems*{bffaa9fe-9ed1-414a-959e-ca0f55e91812}*SharedItemsImports = 5
		DMS.Shared\DMS.Shared.projitems*{f8bfd0e6-5226-47f9-81a8-39f8e1802d96}*SharedItemsImports = 4
	EndGlobalSection
	GlobalSection(SolutionConfigurationPlatforms) = preSolution
		Ad-Hoc|Any CPU = Ad-Hoc|Any CPU
		Ad-Hoc|ARM = Ad-Hoc|ARM
		Ad-Hoc|ARM64 = Ad-Hoc|ARM64
		Ad-Hoc|iPhone = Ad-Hoc|iPhone
		Ad-Hoc|iPhoneSimulator = Ad-Hoc|iPhoneSimulator
		Ad-Hoc|x64 = Ad-Hoc|x64
		Ad-Hoc|x86 = Ad-Hoc|x86
		AppStore|Any CPU = AppStore|Any CPU
		AppStore|ARM = AppStore|ARM
		AppStore|ARM64 = AppStore|ARM64
		AppStore|iPhone = AppStore|iPhone
		AppStore|iPhoneSimulator = AppStore|iPhoneSimulator
		AppStore|x64 = AppStore|x64
		AppStore|x86 = AppStore|x86
		Debug|Any CPU = Debug|Any CPU
		Debug|ARM = Debug|ARM
		Debug|ARM64 = Debug|ARM64
		Debug|iPhone = Debug|iPhone
		Debug|iPhoneSimulator = Debug|iPhoneSimulator
		Debug|x64 = Debug|x64
		Debug|x86 = Debug|x86
		Release|Any CPU = Release|Any CPU
		Release|ARM = Release|ARM
		Release|ARM64 = Release|ARM64
		Release|iPhone = Release|iPhone
		Release|iPhoneSimulator = Release|iPhoneSimulator
		Release|x64 = Release|x64
		Release|x86 = Release|x86
	EndGlobalSection
	GlobalSection(ProjectConfigurationPlatforms) = postSolution
		{17E4ECE4-83E1-4279-B570-3885C822841E}.Ad-Hoc|Any CPU.ActiveCfg = Debug|Any CPU
		{17E4ECE4-83E1-4279-B570-3885C822841E}.Ad-Hoc|Any CPU.Build.0 = Debug|Any CPU
		{17E4ECE4-83E1-4279-B570-3885C822841E}.Ad-Hoc|Any CPU.Deploy.0 = Debug|Any CPU
		{17E4ECE4-83E1-4279-B570-3885C822841E}.Ad-Hoc|ARM.ActiveCfg = Debug|Any CPU
		{17E4ECE4-83E1-4279-B570-3885C822841E}.Ad-Hoc|ARM.Build.0 = Debug|Any CPU
		{17E4ECE4-83E1-4279-B570-3885C822841E}.Ad-Hoc|ARM.Deploy.0 = Debug|Any CPU
		{17E4ECE4-83E1-4279-B570-3885C822841E}.Ad-Hoc|ARM64.ActiveCfg = Debug|Any CPU
		{17E4ECE4-83E1-4279-B570-3885C822841E}.Ad-Hoc|ARM64.Build.0 = Debug|Any CPU
		{17E4ECE4-83E1-4279-B570-3885C822841E}.Ad-Hoc|ARM64.Deploy.0 = Debug|Any CPU
		{17E4ECE4-83E1-4279-B570-3885C822841E}.Ad-Hoc|iPhone.ActiveCfg = Debug|Any CPU
		{17E4ECE4-83E1-4279-B570-3885C822841E}.Ad-Hoc|iPhone.Build.0 = Debug|Any CPU
		{17E4ECE4-83E1-4279-B570-3885C822841E}.Ad-Hoc|iPhone.Deploy.0 = Debug|Any CPU
		{17E4ECE4-83E1-4279-B570-3885C822841E}.Ad-Hoc|iPhoneSimulator.ActiveCfg = Debug|Any CPU
		{17E4ECE4-83E1-4279-B570-3885C822841E}.Ad-Hoc|iPhoneSimulator.Build.0 = Debug|Any CPU
		{17E4ECE4-83E1-4279-B570-3885C822841E}.Ad-Hoc|iPhoneSimulator.Deploy.0 = Debug|Any CPU
		{17E4ECE4-83E1-4279-B570-3885C822841E}.Ad-Hoc|x64.ActiveCfg = Debug|Any CPU
		{17E4ECE4-83E1-4279-B570-3885C822841E}.Ad-Hoc|x64.Build.0 = Debug|Any CPU
		{17E4ECE4-83E1-4279-B570-3885C822841E}.Ad-Hoc|x64.Deploy.0 = Debug|Any CPU
		{17E4ECE4-83E1-4279-B570-3885C822841E}.Ad-Hoc|x86.ActiveCfg = Debug|Any CPU
		{17E4ECE4-83E1-4279-B570-3885C822841E}.Ad-Hoc|x86.Build.0 = Debug|Any CPU
		{17E4ECE4-83E1-4279-B570-3885C822841E}.Ad-Hoc|x86.Deploy.0 = Debug|Any CPU
		{17E4ECE4-83E1-4279-B570-3885C822841E}.AppStore|Any CPU.ActiveCfg = Debug|Any CPU
		{17E4ECE4-83E1-4279-B570-3885C822841E}.AppStore|Any CPU.Build.0 = Debug|Any CPU
		{17E4ECE4-83E1-4279-B570-3885C822841E}.AppStore|Any CPU.Deploy.0 = Debug|Any CPU
		{17E4ECE4-83E1-4279-B570-3885C822841E}.AppStore|ARM.ActiveCfg = Debug|Any CPU
		{17E4ECE4-83E1-4279-B570-3885C822841E}.AppStore|ARM.Build.0 = Debug|Any CPU
		{17E4ECE4-83E1-4279-B570-3885C822841E}.AppStore|ARM.Deploy.0 = Debug|Any CPU
		{17E4ECE4-83E1-4279-B570-3885C822841E}.AppStore|ARM64.ActiveCfg = Debug|Any CPU
		{17E4ECE4-83E1-4279-B570-3885C822841E}.AppStore|ARM64.Build.0 = Debug|Any CPU
		{17E4ECE4-83E1-4279-B570-3885C822841E}.AppStore|ARM64.Deploy.0 = Debug|Any CPU
		{17E4ECE4-83E1-4279-B570-3885C822841E}.AppStore|iPhone.ActiveCfg = Debug|Any CPU
		{17E4ECE4-83E1-4279-B570-3885C822841E}.AppStore|iPhone.Build.0 = Debug|Any CPU
		{17E4ECE4-83E1-4279-B570-3885C822841E}.AppStore|iPhone.Deploy.0 = Debug|Any CPU
		{17E4ECE4-83E1-4279-B570-3885C822841E}.AppStore|iPhoneSimulator.ActiveCfg = Debug|Any CPU
		{17E4ECE4-83E1-4279-B570-3885C822841E}.AppStore|iPhoneSimulator.Build.0 = Debug|Any CPU
		{17E4ECE4-83E1-4279-B570-3885C822841E}.AppStore|iPhoneSimulator.Deploy.0 = Debug|Any CPU
		{17E4ECE4-83E1-4279-B570-3885C822841E}.AppStore|x64.ActiveCfg = Debug|Any CPU
		{17E4ECE4-83E1-4279-B570-3885C822841E}.AppStore|x64.Build.0 = Debug|Any CPU
		{17E4ECE4-83E1-4279-B570-3885C822841E}.AppStore|x64.Deploy.0 = Debug|Any CPU
		{17E4ECE4-83E1-4279-B570-3885C822841E}.AppStore|x86.ActiveCfg = Debug|Any CPU
		{17E4ECE4-83E1-4279-B570-3885C822841E}.AppStore|x86.Build.0 = Debug|Any CPU
		{17E4ECE4-83E1-4279-B570-3885C822841E}.AppStore|x86.Deploy.0 = Debug|Any CPU
		{17E4ECE4-83E1-4279-B570-3885C822841E}.Debug|Any CPU.ActiveCfg = Debug|Any CPU
		{17E4ECE4-83E1-4279-B570-3885C822841E}.Debug|Any CPU.Build.0 = Debug|Any CPU
		{17E4ECE4-83E1-4279-B570-3885C822841E}.Debug|Any CPU.Deploy.0 = Debug|Any CPU
		{17E4ECE4-83E1-4279-B570-3885C822841E}.Debug|ARM.ActiveCfg = Debug|Any CPU
		{17E4ECE4-83E1-4279-B570-3885C822841E}.Debug|ARM.Build.0 = Debug|Any CPU
		{17E4ECE4-83E1-4279-B570-3885C822841E}.Debug|ARM.Deploy.0 = Debug|Any CPU
		{17E4ECE4-83E1-4279-B570-3885C822841E}.Debug|ARM64.ActiveCfg = Debug|Any CPU
		{17E4ECE4-83E1-4279-B570-3885C822841E}.Debug|ARM64.Build.0 = Debug|Any CPU
		{17E4ECE4-83E1-4279-B570-3885C822841E}.Debug|ARM64.Deploy.0 = Debug|Any CPU
		{17E4ECE4-83E1-4279-B570-3885C822841E}.Debug|iPhone.ActiveCfg = Debug|Any CPU
		{17E4ECE4-83E1-4279-B570-3885C822841E}.Debug|iPhone.Build.0 = Debug|Any CPU
		{17E4ECE4-83E1-4279-B570-3885C822841E}.Debug|iPhone.Deploy.0 = Debug|Any CPU
		{17E4ECE4-83E1-4279-B570-3885C822841E}.Debug|iPhoneSimulator.ActiveCfg = Debug|Any CPU
		{17E4ECE4-83E1-4279-B570-3885C822841E}.Debug|iPhoneSimulator.Build.0 = Debug|Any CPU
		{17E4ECE4-83E1-4279-B570-3885C822841E}.Debug|iPhoneSimulator.Deploy.0 = Debug|Any CPU
		{17E4ECE4-83E1-4279-B570-3885C822841E}.Debug|x64.ActiveCfg = Debug|Any CPU
		{17E4ECE4-83E1-4279-B570-3885C822841E}.Debug|x64.Build.0 = Debug|Any CPU
		{17E4ECE4-83E1-4279-B570-3885C822841E}.Debug|x64.Deploy.0 = Debug|Any CPU
		{17E4ECE4-83E1-4279-B570-3885C822841E}.Debug|x86.ActiveCfg = Debug|Any CPU
		{17E4ECE4-83E1-4279-B570-3885C822841E}.Debug|x86.Build.0 = Debug|Any CPU
		{17E4ECE4-83E1-4279-B570-3885C822841E}.Debug|x86.Deploy.0 = Debug|Any CPU
		{17E4ECE4-83E1-4279-B570-3885C822841E}.Release|Any CPU.ActiveCfg = Release|Any CPU
		{17E4ECE4-83E1-4279-B570-3885C822841E}.Release|Any CPU.Build.0 = Release|Any CPU
		{17E4ECE4-83E1-4279-B570-3885C822841E}.Release|Any CPU.Deploy.0 = Release|Any CPU
		{17E4ECE4-83E1-4279-B570-3885C822841E}.Release|ARM.ActiveCfg = Release|Any CPU
		{17E4ECE4-83E1-4279-B570-3885C822841E}.Release|ARM.Build.0 = Release|Any CPU
		{17E4ECE4-83E1-4279-B570-3885C822841E}.Release|ARM.Deploy.0 = Release|Any CPU
		{17E4ECE4-83E1-4279-B570-3885C822841E}.Release|ARM64.ActiveCfg = Release|Any CPU
		{17E4ECE4-83E1-4279-B570-3885C822841E}.Release|ARM64.Build.0 = Release|Any CPU
		{17E4ECE4-83E1-4279-B570-3885C822841E}.Release|ARM64.Deploy.0 = Release|Any CPU
		{17E4ECE4-83E1-4279-B570-3885C822841E}.Release|iPhone.ActiveCfg = Release|Any CPU
		{17E4ECE4-83E1-4279-B570-3885C822841E}.Release|iPhone.Build.0 = Release|Any CPU
		{17E4ECE4-83E1-4279-B570-3885C822841E}.Release|iPhone.Deploy.0 = Release|Any CPU
		{17E4ECE4-83E1-4279-B570-3885C822841E}.Release|iPhoneSimulator.ActiveCfg = Release|Any CPU
		{17E4ECE4-83E1-4279-B570-3885C822841E}.Release|iPhoneSimulator.Build.0 = Release|Any CPU
		{17E4ECE4-83E1-4279-B570-3885C822841E}.Release|iPhoneSimulator.Deploy.0 = Release|Any CPU
		{17E4ECE4-83E1-4279-B570-3885C822841E}.Release|x64.ActiveCfg = Release|Any CPU
		{17E4ECE4-83E1-4279-B570-3885C822841E}.Release|x64.Build.0 = Release|Any CPU
		{17E4ECE4-83E1-4279-B570-3885C822841E}.Release|x64.Deploy.0 = Release|Any CPU
		{17E4ECE4-83E1-4279-B570-3885C822841E}.Release|x86.ActiveCfg = Release|Any CPU
		{17E4ECE4-83E1-4279-B570-3885C822841E}.Release|x86.Build.0 = Release|Any CPU
		{17E4ECE4-83E1-4279-B570-3885C822841E}.Release|x86.Deploy.0 = Release|Any CPU
		{F8BFD0E6-5226-47F9-81A8-39F8E1802D96}.Ad-Hoc|Any CPU.ActiveCfg = Ad-Hoc|iPhoneSimulator
		{F8BFD0E6-5226-47F9-81A8-39F8E1802D96}.Ad-Hoc|ARM.ActiveCfg = Ad-Hoc|iPhoneSimulator
		{F8BFD0E6-5226-47F9-81A8-39F8E1802D96}.Ad-Hoc|ARM64.ActiveCfg = Ad-Hoc|iPhoneSimulator
		{F8BFD0E6-5226-47F9-81A8-39F8E1802D96}.Ad-Hoc|iPhone.ActiveCfg = Ad-Hoc|iPhone
		{F8BFD0E6-5226-47F9-81A8-39F8E1802D96}.Ad-Hoc|iPhone.Build.0 = Ad-Hoc|iPhone
		{F8BFD0E6-5226-47F9-81A8-39F8E1802D96}.Ad-Hoc|iPhoneSimulator.ActiveCfg = Ad-Hoc|iPhoneSimulator
		{F8BFD0E6-5226-47F9-81A8-39F8E1802D96}.Ad-Hoc|iPhoneSimulator.Build.0 = Ad-Hoc|iPhoneSimulator
		{F8BFD0E6-5226-47F9-81A8-39F8E1802D96}.Ad-Hoc|x64.ActiveCfg = Ad-Hoc|iPhoneSimulator
		{F8BFD0E6-5226-47F9-81A8-39F8E1802D96}.Ad-Hoc|x86.ActiveCfg = Ad-Hoc|iPhoneSimulator
		{F8BFD0E6-5226-47F9-81A8-39F8E1802D96}.AppStore|Any CPU.ActiveCfg = AppStore|iPhoneSimulator
		{F8BFD0E6-5226-47F9-81A8-39F8E1802D96}.AppStore|ARM.ActiveCfg = AppStore|iPhoneSimulator
		{F8BFD0E6-5226-47F9-81A8-39F8E1802D96}.AppStore|ARM64.ActiveCfg = AppStore|iPhoneSimulator
		{F8BFD0E6-5226-47F9-81A8-39F8E1802D96}.AppStore|iPhone.ActiveCfg = AppStore|iPhone
		{F8BFD0E6-5226-47F9-81A8-39F8E1802D96}.AppStore|iPhone.Build.0 = AppStore|iPhone
		{F8BFD0E6-5226-47F9-81A8-39F8E1802D96}.AppStore|iPhoneSimulator.ActiveCfg = AppStore|iPhoneSimulator
		{F8BFD0E6-5226-47F9-81A8-39F8E1802D96}.AppStore|iPhoneSimulator.Build.0 = AppStore|iPhoneSimulator
		{F8BFD0E6-5226-47F9-81A8-39F8E1802D96}.AppStore|x64.ActiveCfg = AppStore|iPhoneSimulator
		{F8BFD0E6-5226-47F9-81A8-39F8E1802D96}.AppStore|x86.ActiveCfg = AppStore|iPhoneSimulator
		{F8BFD0E6-5226-47F9-81A8-39F8E1802D96}.Debug|Any CPU.ActiveCfg = Debug|iPhoneSimulator
		{F8BFD0E6-5226-47F9-81A8-39F8E1802D96}.Debug|ARM.ActiveCfg = Debug|iPhoneSimulator
		{F8BFD0E6-5226-47F9-81A8-39F8E1802D96}.Debug|ARM64.ActiveCfg = Debug|iPhoneSimulator
		{F8BFD0E6-5226-47F9-81A8-39F8E1802D96}.Debug|iPhone.ActiveCfg = Debug|iPhone
		{F8BFD0E6-5226-47F9-81A8-39F8E1802D96}.Debug|iPhone.Build.0 = Debug|iPhone
		{F8BFD0E6-5226-47F9-81A8-39F8E1802D96}.Debug|iPhoneSimulator.ActiveCfg = Debug|iPhoneSimulator
		{F8BFD0E6-5226-47F9-81A8-39F8E1802D96}.Debug|iPhoneSimulator.Build.0 = Debug|iPhoneSimulator
		{F8BFD0E6-5226-47F9-81A8-39F8E1802D96}.Debug|x64.ActiveCfg = Debug|iPhoneSimulator
		{F8BFD0E6-5226-47F9-81A8-39F8E1802D96}.Debug|x86.ActiveCfg = Debug|iPhoneSimulator
		{F8BFD0E6-5226-47F9-81A8-39F8E1802D96}.Release|Any CPU.ActiveCfg = Release|iPhoneSimulator
		{F8BFD0E6-5226-47F9-81A8-39F8E1802D96}.Release|ARM.ActiveCfg = Release|iPhoneSimulator
		{F8BFD0E6-5226-47F9-81A8-39F8E1802D96}.Release|ARM64.ActiveCfg = Release|iPhoneSimulator
		{F8BFD0E6-5226-47F9-81A8-39F8E1802D96}.Release|iPhone.ActiveCfg = Release|iPhone
		{F8BFD0E6-5226-47F9-81A8-39F8E1802D96}.Release|iPhone.Build.0 = Release|iPhone
		{F8BFD0E6-5226-47F9-81A8-39F8E1802D96}.Release|iPhoneSimulator.ActiveCfg = Release|iPhoneSimulator
		{F8BFD0E6-5226-47F9-81A8-39F8E1802D96}.Release|iPhoneSimulator.Build.0 = Release|iPhoneSimulator
		{F8BFD0E6-5226-47F9-81A8-39F8E1802D96}.Release|x64.ActiveCfg = Release|iPhoneSimulator
		{F8BFD0E6-5226-47F9-81A8-39F8E1802D96}.Release|x86.ActiveCfg = Release|iPhoneSimulator
		{B159E42A-0FA9-4FD6-B13A-414BB905921A}.Ad-Hoc|Any CPU.ActiveCfg = Debug|x86
		{B159E42A-0FA9-4FD6-B13A-414BB905921A}.Ad-Hoc|Any CPU.Build.0 = Debug|x86
		{B159E42A-0FA9-4FD6-B13A-414BB905921A}.Ad-Hoc|Any CPU.Deploy.0 = Debug|x86
		{B159E42A-0FA9-4FD6-B13A-414BB905921A}.Ad-Hoc|ARM.ActiveCfg = Debug|ARM
		{B159E42A-0FA9-4FD6-B13A-414BB905921A}.Ad-Hoc|ARM.Build.0 = Debug|ARM
		{B159E42A-0FA9-4FD6-B13A-414BB905921A}.Ad-Hoc|ARM.Deploy.0 = Debug|ARM
		{B159E42A-0FA9-4FD6-B13A-414BB905921A}.Ad-Hoc|ARM64.ActiveCfg = Debug|ARM64
		{B159E42A-0FA9-4FD6-B13A-414BB905921A}.Ad-Hoc|ARM64.Build.0 = Debug|ARM64
		{B159E42A-0FA9-4FD6-B13A-414BB905921A}.Ad-Hoc|ARM64.Deploy.0 = Debug|ARM64
		{B159E42A-0FA9-4FD6-B13A-414BB905921A}.Ad-Hoc|iPhone.ActiveCfg = Debug|x86
		{B159E42A-0FA9-4FD6-B13A-414BB905921A}.Ad-Hoc|iPhone.Build.0 = Debug|x86
		{B159E42A-0FA9-4FD6-B13A-414BB905921A}.Ad-Hoc|iPhone.Deploy.0 = Debug|x86
		{B159E42A-0FA9-4FD6-B13A-414BB905921A}.Ad-Hoc|iPhoneSimulator.ActiveCfg = Debug|x86
		{B159E42A-0FA9-4FD6-B13A-414BB905921A}.Ad-Hoc|iPhoneSimulator.Build.0 = Debug|x86
		{B159E42A-0FA9-4FD6-B13A-414BB905921A}.Ad-Hoc|iPhoneSimulator.Deploy.0 = Debug|x86
		{B159E42A-0FA9-4FD6-B13A-414BB905921A}.Ad-Hoc|x64.ActiveCfg = Debug|x64
		{B159E42A-0FA9-4FD6-B13A-414BB905921A}.Ad-Hoc|x64.Build.0 = Debug|x64
		{B159E42A-0FA9-4FD6-B13A-414BB905921A}.Ad-Hoc|x64.Deploy.0 = Debug|x64
		{B159E42A-0FA9-4FD6-B13A-414BB905921A}.Ad-Hoc|x86.ActiveCfg = Debug|x86
		{B159E42A-0FA9-4FD6-B13A-414BB905921A}.Ad-Hoc|x86.Build.0 = Debug|x86
		{B159E42A-0FA9-4FD6-B13A-414BB905921A}.Ad-Hoc|x86.Deploy.0 = Debug|x86
		{B159E42A-0FA9-4FD6-B13A-414BB905921A}.AppStore|Any CPU.ActiveCfg = Debug|x86
		{B159E42A-0FA9-4FD6-B13A-414BB905921A}.AppStore|Any CPU.Build.0 = Debug|x86
		{B159E42A-0FA9-4FD6-B13A-414BB905921A}.AppStore|Any CPU.Deploy.0 = Debug|x86
		{B159E42A-0FA9-4FD6-B13A-414BB905921A}.AppStore|ARM.ActiveCfg = Debug|ARM
		{B159E42A-0FA9-4FD6-B13A-414BB905921A}.AppStore|ARM.Build.0 = Debug|ARM
		{B159E42A-0FA9-4FD6-B13A-414BB905921A}.AppStore|ARM.Deploy.0 = Debug|ARM
		{B159E42A-0FA9-4FD6-B13A-414BB905921A}.AppStore|ARM64.ActiveCfg = Debug|ARM64
		{B159E42A-0FA9-4FD6-B13A-414BB905921A}.AppStore|ARM64.Build.0 = Debug|ARM64
		{B159E42A-0FA9-4FD6-B13A-414BB905921A}.AppStore|ARM64.Deploy.0 = Debug|ARM64
		{B159E42A-0FA9-4FD6-B13A-414BB905921A}.AppStore|iPhone.ActiveCfg = Debug|x86
		{B159E42A-0FA9-4FD6-B13A-414BB905921A}.AppStore|iPhone.Build.0 = Debug|x86
		{B159E42A-0FA9-4FD6-B13A-414BB905921A}.AppStore|iPhone.Deploy.0 = Debug|x86
		{B159E42A-0FA9-4FD6-B13A-414BB905921A}.AppStore|iPhoneSimulator.ActiveCfg = Debug|x86
		{B159E42A-0FA9-4FD6-B13A-414BB905921A}.AppStore|iPhoneSimulator.Build.0 = Debug|x86
		{B159E42A-0FA9-4FD6-B13A-414BB905921A}.AppStore|iPhoneSimulator.Deploy.0 = Debug|x86
		{B159E42A-0FA9-4FD6-B13A-414BB905921A}.AppStore|x64.ActiveCfg = Debug|x64
		{B159E42A-0FA9-4FD6-B13A-414BB905921A}.AppStore|x64.Build.0 = Debug|x64
		{B159E42A-0FA9-4FD6-B13A-414BB905921A}.AppStore|x64.Deploy.0 = Debug|x64
		{B159E42A-0FA9-4FD6-B13A-414BB905921A}.AppStore|x86.ActiveCfg = Debug|x86
		{B159E42A-0FA9-4FD6-B13A-414BB905921A}.AppStore|x86.Build.0 = Debug|x86
		{B159E42A-0FA9-4FD6-B13A-414BB905921A}.AppStore|x86.Deploy.0 = Debug|x86
		{B159E42A-0FA9-4FD6-B13A-414BB905921A}.Debug|Any CPU.ActiveCfg = Debug|x86
		{B159E42A-0FA9-4FD6-B13A-414BB905921A}.Debug|Any CPU.Build.0 = Debug|x86
		{B159E42A-0FA9-4FD6-B13A-414BB905921A}.Debug|Any CPU.Deploy.0 = Debug|x86
		{B159E42A-0FA9-4FD6-B13A-414BB905921A}.Debug|ARM.ActiveCfg = Debug|ARM
		{B159E42A-0FA9-4FD6-B13A-414BB905921A}.Debug|ARM.Build.0 = Debug|ARM
		{B159E42A-0FA9-4FD6-B13A-414BB905921A}.Debug|ARM.Deploy.0 = Debug|ARM
		{B159E42A-0FA9-4FD6-B13A-414BB905921A}.Debug|ARM64.ActiveCfg = Debug|ARM64
		{B159E42A-0FA9-4FD6-B13A-414BB905921A}.Debug|ARM64.Build.0 = Debug|ARM64
		{B159E42A-0FA9-4FD6-B13A-414BB905921A}.Debug|ARM64.Deploy.0 = Debug|ARM64
		{B159E42A-0FA9-4FD6-B13A-414BB905921A}.Debug|iPhone.ActiveCfg = Debug|x86
		{B159E42A-0FA9-4FD6-B13A-414BB905921A}.Debug|iPhoneSimulator.ActiveCfg = Debug|x86
		{B159E42A-0FA9-4FD6-B13A-414BB905921A}.Debug|x64.ActiveCfg = Debug|x64
		{B159E42A-0FA9-4FD6-B13A-414BB905921A}.Debug|x64.Build.0 = Debug|x64
		{B159E42A-0FA9-4FD6-B13A-414BB905921A}.Debug|x64.Deploy.0 = Debug|x64
		{B159E42A-0FA9-4FD6-B13A-414BB905921A}.Debug|x86.ActiveCfg = Debug|x86
		{B159E42A-0FA9-4FD6-B13A-414BB905921A}.Debug|x86.Build.0 = Debug|x86
		{B159E42A-0FA9-4FD6-B13A-414BB905921A}.Debug|x86.Deploy.0 = Debug|x86
		{B159E42A-0FA9-4FD6-B13A-414BB905921A}.Release|Any CPU.ActiveCfg = Release|x86
		{B159E42A-0FA9-4FD6-B13A-414BB905921A}.Release|ARM.ActiveCfg = Release|ARM
		{B159E42A-0FA9-4FD6-B13A-414BB905921A}.Release|ARM.Build.0 = Release|ARM
		{B159E42A-0FA9-4FD6-B13A-414BB905921A}.Release|ARM.Deploy.0 = Release|ARM
		{B159E42A-0FA9-4FD6-B13A-414BB905921A}.Release|ARM64.ActiveCfg = Release|ARM64
		{B159E42A-0FA9-4FD6-B13A-414BB905921A}.Release|ARM64.Build.0 = Release|ARM64
		{B159E42A-0FA9-4FD6-B13A-414BB905921A}.Release|ARM64.Deploy.0 = Release|ARM64
		{B159E42A-0FA9-4FD6-B13A-414BB905921A}.Release|iPhone.ActiveCfg = Release|x86
		{B159E42A-0FA9-4FD6-B13A-414BB905921A}.Release|iPhoneSimulator.ActiveCfg = Release|x86
		{B159E42A-0FA9-4FD6-B13A-414BB905921A}.Release|x64.ActiveCfg = Release|x64
		{B159E42A-0FA9-4FD6-B13A-414BB905921A}.Release|x64.Build.0 = Release|x64
		{B159E42A-0FA9-4FD6-B13A-414BB905921A}.Release|x64.Deploy.0 = Release|x64
		{B159E42A-0FA9-4FD6-B13A-414BB905921A}.Release|x86.ActiveCfg = Release|x86
		{B159E42A-0FA9-4FD6-B13A-414BB905921A}.Release|x86.Build.0 = Release|x86
		{B159E42A-0FA9-4FD6-B13A-414BB905921A}.Release|x86.Deploy.0 = Release|x86
		{011046FD-B899-4644-8BF6-09FAB257C873}.Ad-Hoc|Any CPU.ActiveCfg = Debug|Any CPU
		{011046FD-B899-4644-8BF6-09FAB257C873}.Ad-Hoc|Any CPU.Build.0 = Debug|Any CPU
		{011046FD-B899-4644-8BF6-09FAB257C873}.Ad-Hoc|ARM.ActiveCfg = Debug|Any CPU
		{011046FD-B899-4644-8BF6-09FAB257C873}.Ad-Hoc|ARM.Build.0 = Debug|Any CPU
		{011046FD-B899-4644-8BF6-09FAB257C873}.Ad-Hoc|ARM64.ActiveCfg = Debug|Any CPU
		{011046FD-B899-4644-8BF6-09FAB257C873}.Ad-Hoc|ARM64.Build.0 = Debug|Any CPU
		{011046FD-B899-4644-8BF6-09FAB257C873}.Ad-Hoc|iPhone.ActiveCfg = Debug|Any CPU
		{011046FD-B899-4644-8BF6-09FAB257C873}.Ad-Hoc|iPhone.Build.0 = Debug|Any CPU
		{011046FD-B899-4644-8BF6-09FAB257C873}.Ad-Hoc|iPhoneSimulator.ActiveCfg = Debug|Any CPU
		{011046FD-B899-4644-8BF6-09FAB257C873}.Ad-Hoc|iPhoneSimulator.Build.0 = Debug|Any CPU
		{011046FD-B899-4644-8BF6-09FAB257C873}.Ad-Hoc|x64.ActiveCfg = Debug|Any CPU
		{011046FD-B899-4644-8BF6-09FAB257C873}.Ad-Hoc|x64.Build.0 = Debug|Any CPU
		{011046FD-B899-4644-8BF6-09FAB257C873}.Ad-Hoc|x86.ActiveCfg = Debug|Any CPU
		{011046FD-B899-4644-8BF6-09FAB257C873}.Ad-Hoc|x86.Build.0 = Debug|Any CPU
		{011046FD-B899-4644-8BF6-09FAB257C873}.AppStore|Any CPU.ActiveCfg = Debug|Any CPU
		{011046FD-B899-4644-8BF6-09FAB257C873}.AppStore|Any CPU.Build.0 = Debug|Any CPU
		{011046FD-B899-4644-8BF6-09FAB257C873}.AppStore|ARM.ActiveCfg = Debug|Any CPU
		{011046FD-B899-4644-8BF6-09FAB257C873}.AppStore|ARM.Build.0 = Debug|Any CPU
		{011046FD-B899-4644-8BF6-09FAB257C873}.AppStore|ARM64.ActiveCfg = Debug|Any CPU
		{011046FD-B899-4644-8BF6-09FAB257C873}.AppStore|ARM64.Build.0 = Debug|Any CPU
		{011046FD-B899-4644-8BF6-09FAB257C873}.AppStore|iPhone.ActiveCfg = Debug|Any CPU
		{011046FD-B899-4644-8BF6-09FAB257C873}.AppStore|iPhone.Build.0 = Debug|Any CPU
		{011046FD-B899-4644-8BF6-09FAB257C873}.AppStore|iPhoneSimulator.ActiveCfg = Debug|Any CPU
		{011046FD-B899-4644-8BF6-09FAB257C873}.AppStore|iPhoneSimulator.Build.0 = Debug|Any CPU
		{011046FD-B899-4644-8BF6-09FAB257C873}.AppStore|x64.ActiveCfg = Debug|Any CPU
		{011046FD-B899-4644-8BF6-09FAB257C873}.AppStore|x64.Build.0 = Debug|Any CPU
		{011046FD-B899-4644-8BF6-09FAB257C873}.AppStore|x86.ActiveCfg = Debug|Any CPU
		{011046FD-B899-4644-8BF6-09FAB257C873}.AppStore|x86.Build.0 = Debug|Any CPU
		{011046FD-B899-4644-8BF6-09FAB257C873}.Debug|Any CPU.ActiveCfg = Debug|Any CPU
		{011046FD-B899-4644-8BF6-09FAB257C873}.Debug|Any CPU.Build.0 = Debug|Any CPU
		{011046FD-B899-4644-8BF6-09FAB257C873}.Debug|ARM.ActiveCfg = Debug|Any CPU
		{011046FD-B899-4644-8BF6-09FAB257C873}.Debug|ARM.Build.0 = Debug|Any CPU
		{011046FD-B899-4644-8BF6-09FAB257C873}.Debug|ARM64.ActiveCfg = Debug|Any CPU
		{011046FD-B899-4644-8BF6-09FAB257C873}.Debug|ARM64.Build.0 = Debug|Any CPU
		{011046FD-B899-4644-8BF6-09FAB257C873}.Debug|iPhone.ActiveCfg = Debug|Any CPU
		{011046FD-B899-4644-8BF6-09FAB257C873}.Debug|iPhone.Build.0 = Debug|Any CPU
		{011046FD-B899-4644-8BF6-09FAB257C873}.Debug|iPhoneSimulator.ActiveCfg = Debug|Any CPU
		{011046FD-B899-4644-8BF6-09FAB257C873}.Debug|iPhoneSimulator.Build.0 = Debug|Any CPU
		{011046FD-B899-4644-8BF6-09FAB257C873}.Debug|x64.ActiveCfg = Debug|Any CPU
		{011046FD-B899-4644-8BF6-09FAB257C873}.Debug|x64.Build.0 = Debug|Any CPU
		{011046FD-B899-4644-8BF6-09FAB257C873}.Debug|x86.ActiveCfg = Debug|Any CPU
		{011046FD-B899-4644-8BF6-09FAB257C873}.Debug|x86.Build.0 = Debug|Any CPU
		{011046FD-B899-4644-8BF6-09FAB257C873}.Release|Any CPU.ActiveCfg = Release|Any CPU
		{011046FD-B899-4644-8BF6-09FAB257C873}.Release|Any CPU.Build.0 = Release|Any CPU
		{011046FD-B899-4644-8BF6-09FAB257C873}.Release|ARM.ActiveCfg = Release|Any CPU
		{011046FD-B899-4644-8BF6-09FAB257C873}.Release|ARM.Build.0 = Release|Any CPU
		{011046FD-B899-4644-8BF6-09FAB257C873}.Release|ARM64.ActiveCfg = Release|Any CPU
		{011046FD-B899-4644-8BF6-09FAB257C873}.Release|ARM64.Build.0 = Release|Any CPU
		{011046FD-B899-4644-8BF6-09FAB257C873}.Release|iPhone.ActiveCfg = Release|Any CPU
		{011046FD-B899-4644-8BF6-09FAB257C873}.Release|iPhone.Build.0 = Release|Any CPU
		{011046FD-B899-4644-8BF6-09FAB257C873}.Release|iPhoneSimulator.ActiveCfg = Release|Any CPU
		{011046FD-B899-4644-8BF6-09FAB257C873}.Release|iPhoneSimulator.Build.0 = Release|Any CPU
		{011046FD-B899-4644-8BF6-09FAB257C873}.Release|x64.ActiveCfg = Release|Any CPU
		{011046FD-B899-4644-8BF6-09FAB257C873}.Release|x64.Build.0 = Release|Any CPU
		{011046FD-B899-4644-8BF6-09FAB257C873}.Release|x86.ActiveCfg = Release|Any CPU
		{011046FD-B899-4644-8BF6-09FAB257C873}.Release|x86.Build.0 = Release|Any CPU
		{0BC37E0B-6DA4-4E8F-8D64-CA711554DEBD}.Ad-Hoc|Any CPU.ActiveCfg = Debug|iPhoneSimulator
		{0BC37E0B-6DA4-4E8F-8D64-CA711554DEBD}.Ad-Hoc|Any CPU.Build.0 = Debug|iPhoneSimulator
		{0BC37E0B-6DA4-4E8F-8D64-CA711554DEBD}.Ad-Hoc|ARM.ActiveCfg = Debug|iPhoneSimulator
		{0BC37E0B-6DA4-4E8F-8D64-CA711554DEBD}.Ad-Hoc|ARM.Build.0 = Debug|iPhoneSimulator
		{0BC37E0B-6DA4-4E8F-8D64-CA711554DEBD}.Ad-Hoc|ARM64.ActiveCfg = Debug|iPhoneSimulator
		{0BC37E0B-6DA4-4E8F-8D64-CA711554DEBD}.Ad-Hoc|ARM64.Build.0 = Debug|iPhoneSimulator
		{0BC37E0B-6DA4-4E8F-8D64-CA711554DEBD}.Ad-Hoc|iPhone.ActiveCfg = Debug|iPhoneSimulator
		{0BC37E0B-6DA4-4E8F-8D64-CA711554DEBD}.Ad-Hoc|iPhone.Build.0 = Debug|iPhoneSimulator
		{0BC37E0B-6DA4-4E8F-8D64-CA711554DEBD}.Ad-Hoc|iPhoneSimulator.ActiveCfg = Debug|iPhoneSimulator
		{0BC37E0B-6DA4-4E8F-8D64-CA711554DEBD}.Ad-Hoc|iPhoneSimulator.Build.0 = Debug|iPhoneSimulator
		{0BC37E0B-6DA4-4E8F-8D64-CA711554DEBD}.Ad-Hoc|x64.ActiveCfg = Debug|iPhoneSimulator
		{0BC37E0B-6DA4-4E8F-8D64-CA711554DEBD}.Ad-Hoc|x64.Build.0 = Debug|iPhoneSimulator
		{0BC37E0B-6DA4-4E8F-8D64-CA711554DEBD}.Ad-Hoc|x86.ActiveCfg = Debug|iPhoneSimulator
		{0BC37E0B-6DA4-4E8F-8D64-CA711554DEBD}.Ad-Hoc|x86.Build.0 = Debug|iPhoneSimulator
		{0BC37E0B-6DA4-4E8F-8D64-CA711554DEBD}.AppStore|Any CPU.ActiveCfg = Debug|iPhoneSimulator
		{0BC37E0B-6DA4-4E8F-8D64-CA711554DEBD}.AppStore|Any CPU.Build.0 = Debug|iPhoneSimulator
		{0BC37E0B-6DA4-4E8F-8D64-CA711554DEBD}.AppStore|ARM.ActiveCfg = Debug|iPhoneSimulator
		{0BC37E0B-6DA4-4E8F-8D64-CA711554DEBD}.AppStore|ARM.Build.0 = Debug|iPhoneSimulator
		{0BC37E0B-6DA4-4E8F-8D64-CA711554DEBD}.AppStore|ARM64.ActiveCfg = Debug|iPhoneSimulator
		{0BC37E0B-6DA4-4E8F-8D64-CA711554DEBD}.AppStore|ARM64.Build.0 = Debug|iPhoneSimulator
		{0BC37E0B-6DA4-4E8F-8D64-CA711554DEBD}.AppStore|iPhone.ActiveCfg = Debug|iPhoneSimulator
		{0BC37E0B-6DA4-4E8F-8D64-CA711554DEBD}.AppStore|iPhone.Build.0 = Debug|iPhoneSimulator
		{0BC37E0B-6DA4-4E8F-8D64-CA711554DEBD}.AppStore|iPhoneSimulator.ActiveCfg = Debug|iPhoneSimulator
		{0BC37E0B-6DA4-4E8F-8D64-CA711554DEBD}.AppStore|iPhoneSimulator.Build.0 = Debug|iPhoneSimulator
		{0BC37E0B-6DA4-4E8F-8D64-CA711554DEBD}.AppStore|x64.ActiveCfg = Debug|iPhoneSimulator
		{0BC37E0B-6DA4-4E8F-8D64-CA711554DEBD}.AppStore|x64.Build.0 = Debug|iPhoneSimulator
		{0BC37E0B-6DA4-4E8F-8D64-CA711554DEBD}.AppStore|x86.ActiveCfg = Debug|iPhoneSimulator
		{0BC37E0B-6DA4-4E8F-8D64-CA711554DEBD}.AppStore|x86.Build.0 = Debug|iPhoneSimulator
		{0BC37E0B-6DA4-4E8F-8D64-CA711554DEBD}.Debug|Any CPU.ActiveCfg = Debug|iPhoneSimulator
		{0BC37E0B-6DA4-4E8F-8D64-CA711554DEBD}.Debug|ARM.ActiveCfg = Debug|iPhoneSimulator
		{0BC37E0B-6DA4-4E8F-8D64-CA711554DEBD}.Debug|ARM64.ActiveCfg = Debug|iPhoneSimulator
		{0BC37E0B-6DA4-4E8F-8D64-CA711554DEBD}.Debug|iPhone.ActiveCfg = Debug|iPhoneSimulator
		{0BC37E0B-6DA4-4E8F-8D64-CA711554DEBD}.Debug|iPhoneSimulator.ActiveCfg = Debug|iPhoneSimulator
		{0BC37E0B-6DA4-4E8F-8D64-CA711554DEBD}.Debug|iPhoneSimulator.Build.0 = Debug|iPhoneSimulator
		{0BC37E0B-6DA4-4E8F-8D64-CA711554DEBD}.Debug|x64.ActiveCfg = Debug|iPhoneSimulator
		{0BC37E0B-6DA4-4E8F-8D64-CA711554DEBD}.Debug|x86.ActiveCfg = Debug|iPhoneSimulator
		{0BC37E0B-6DA4-4E8F-8D64-CA711554DEBD}.Release|Any CPU.ActiveCfg = Release|iPhoneSimulator
		{0BC37E0B-6DA4-4E8F-8D64-CA711554DEBD}.Release|ARM.ActiveCfg = Release|iPhoneSimulator
		{0BC37E0B-6DA4-4E8F-8D64-CA711554DEBD}.Release|ARM64.ActiveCfg = Release|iPhoneSimulator
		{0BC37E0B-6DA4-4E8F-8D64-CA711554DEBD}.Release|iPhone.ActiveCfg = Release|iPhoneSimulator
		{0BC37E0B-6DA4-4E8F-8D64-CA711554DEBD}.Release|iPhoneSimulator.ActiveCfg = Release|iPhoneSimulator
		{0BC37E0B-6DA4-4E8F-8D64-CA711554DEBD}.Release|iPhoneSimulator.Build.0 = Release|iPhoneSimulator
		{0BC37E0B-6DA4-4E8F-8D64-CA711554DEBD}.Release|x64.ActiveCfg = Release|iPhoneSimulator
		{0BC37E0B-6DA4-4E8F-8D64-CA711554DEBD}.Release|x86.ActiveCfg = Release|iPhoneSimulator
		{16F83CCE-F2CB-48A4-8343-DDAF733EE82F}.Ad-Hoc|Any CPU.ActiveCfg = Debug|Any CPU
		{16F83CCE-F2CB-48A4-8343-DDAF733EE82F}.Ad-Hoc|Any CPU.Build.0 = Debug|Any CPU
		{16F83CCE-F2CB-48A4-8343-DDAF733EE82F}.Ad-Hoc|ARM.ActiveCfg = Debug|Any CPU
		{16F83CCE-F2CB-48A4-8343-DDAF733EE82F}.Ad-Hoc|ARM.Build.0 = Debug|Any CPU
		{16F83CCE-F2CB-48A4-8343-DDAF733EE82F}.Ad-Hoc|ARM64.ActiveCfg = Debug|Any CPU
		{16F83CCE-F2CB-48A4-8343-DDAF733EE82F}.Ad-Hoc|ARM64.Build.0 = Debug|Any CPU
		{16F83CCE-F2CB-48A4-8343-DDAF733EE82F}.Ad-Hoc|iPhone.ActiveCfg = Debug|Any CPU
		{16F83CCE-F2CB-48A4-8343-DDAF733EE82F}.Ad-Hoc|iPhone.Build.0 = Debug|Any CPU
		{16F83CCE-F2CB-48A4-8343-DDAF733EE82F}.Ad-Hoc|iPhoneSimulator.ActiveCfg = Debug|Any CPU
		{16F83CCE-F2CB-48A4-8343-DDAF733EE82F}.Ad-Hoc|iPhoneSimulator.Build.0 = Debug|Any CPU
		{16F83CCE-F2CB-48A4-8343-DDAF733EE82F}.Ad-Hoc|x64.ActiveCfg = Debug|Any CPU
		{16F83CCE-F2CB-48A4-8343-DDAF733EE82F}.Ad-Hoc|x64.Build.0 = Debug|Any CPU
		{16F83CCE-F2CB-48A4-8343-DDAF733EE82F}.Ad-Hoc|x86.ActiveCfg = Debug|Any CPU
		{16F83CCE-F2CB-48A4-8343-DDAF733EE82F}.Ad-Hoc|x86.Build.0 = Debug|Any CPU
		{16F83CCE-F2CB-48A4-8343-DDAF733EE82F}.AppStore|Any CPU.ActiveCfg = Debug|Any CPU
		{16F83CCE-F2CB-48A4-8343-DDAF733EE82F}.AppStore|Any CPU.Build.0 = Debug|Any CPU
		{16F83CCE-F2CB-48A4-8343-DDAF733EE82F}.AppStore|ARM.ActiveCfg = Debug|Any CPU
		{16F83CCE-F2CB-48A4-8343-DDAF733EE82F}.AppStore|ARM.Build.0 = Debug|Any CPU
		{16F83CCE-F2CB-48A4-8343-DDAF733EE82F}.AppStore|ARM64.ActiveCfg = Debug|Any CPU
		{16F83CCE-F2CB-48A4-8343-DDAF733EE82F}.AppStore|ARM64.Build.0 = Debug|Any CPU
		{16F83CCE-F2CB-48A4-8343-DDAF733EE82F}.AppStore|iPhone.ActiveCfg = Debug|Any CPU
		{16F83CCE-F2CB-48A4-8343-DDAF733EE82F}.AppStore|iPhone.Build.0 = Debug|Any CPU
		{16F83CCE-F2CB-48A4-8343-DDAF733EE82F}.AppStore|iPhoneSimulator.ActiveCfg = Debug|Any CPU
		{16F83CCE-F2CB-48A4-8343-DDAF733EE82F}.AppStore|iPhoneSimulator.Build.0 = Debug|Any CPU
		{16F83CCE-F2CB-48A4-8343-DDAF733EE82F}.AppStore|x64.ActiveCfg = Debug|Any CPU
		{16F83CCE-F2CB-48A4-8343-DDAF733EE82F}.AppStore|x64.Build.0 = Debug|Any CPU
		{16F83CCE-F2CB-48A4-8343-DDAF733EE82F}.AppStore|x86.ActiveCfg = Debug|Any CPU
		{16F83CCE-F2CB-48A4-8343-DDAF733EE82F}.AppStore|x86.Build.0 = Debug|Any CPU
		{16F83CCE-F2CB-48A4-8343-DDAF733EE82F}.Debug|Any CPU.ActiveCfg = Debug|Any CPU
		{16F83CCE-F2CB-48A4-8343-DDAF733EE82F}.Debug|Any CPU.Build.0 = Debug|Any CPU
		{16F83CCE-F2CB-48A4-8343-DDAF733EE82F}.Debug|ARM.ActiveCfg = Debug|Any CPU
		{16F83CCE-F2CB-48A4-8343-DDAF733EE82F}.Debug|ARM.Build.0 = Debug|Any CPU
		{16F83CCE-F2CB-48A4-8343-DDAF733EE82F}.Debug|ARM64.ActiveCfg = Debug|Any CPU
		{16F83CCE-F2CB-48A4-8343-DDAF733EE82F}.Debug|ARM64.Build.0 = Debug|Any CPU
		{16F83CCE-F2CB-48A4-8343-DDAF733EE82F}.Debug|iPhone.ActiveCfg = Debug|Any CPU
		{16F83CCE-F2CB-48A4-8343-DDAF733EE82F}.Debug|iPhone.Build.0 = Debug|Any CPU
		{16F83CCE-F2CB-48A4-8343-DDAF733EE82F}.Debug|iPhoneSimulator.ActiveCfg = Debug|Any CPU
		{16F83CCE-F2CB-48A4-8343-DDAF733EE82F}.Debug|iPhoneSimulator.Build.0 = Debug|Any CPU
		{16F83CCE-F2CB-48A4-8343-DDAF733EE82F}.Debug|x64.ActiveCfg = Debug|Any CPU
		{16F83CCE-F2CB-48A4-8343-DDAF733EE82F}.Debug|x64.Build.0 = Debug|Any CPU
		{16F83CCE-F2CB-48A4-8343-DDAF733EE82F}.Debug|x86.ActiveCfg = Debug|Any CPU
		{16F83CCE-F2CB-48A4-8343-DDAF733EE82F}.Debug|x86.Build.0 = Debug|Any CPU
		{16F83CCE-F2CB-48A4-8343-DDAF733EE82F}.Release|Any CPU.ActiveCfg = Release|Any CPU
		{16F83CCE-F2CB-48A4-8343-DDAF733EE82F}.Release|Any CPU.Build.0 = Release|Any CPU
		{16F83CCE-F2CB-48A4-8343-DDAF733EE82F}.Release|ARM.ActiveCfg = Release|Any CPU
		{16F83CCE-F2CB-48A4-8343-DDAF733EE82F}.Release|ARM.Build.0 = Release|Any CPU
		{16F83CCE-F2CB-48A4-8343-DDAF733EE82F}.Release|ARM64.ActiveCfg = Release|Any CPU
		{16F83CCE-F2CB-48A4-8343-DDAF733EE82F}.Release|ARM64.Build.0 = Release|Any CPU
		{16F83CCE-F2CB-48A4-8343-DDAF733EE82F}.Release|iPhone.ActiveCfg = Release|Any CPU
		{16F83CCE-F2CB-48A4-8343-DDAF733EE82F}.Release|iPhone.Build.0 = Release|Any CPU
		{16F83CCE-F2CB-48A4-8343-DDAF733EE82F}.Release|iPhoneSimulator.ActiveCfg = Release|Any CPU
		{16F83CCE-F2CB-48A4-8343-DDAF733EE82F}.Release|iPhoneSimulator.Build.0 = Release|Any CPU
		{16F83CCE-F2CB-48A4-8343-DDAF733EE82F}.Release|x64.ActiveCfg = Release|Any CPU
		{16F83CCE-F2CB-48A4-8343-DDAF733EE82F}.Release|x64.Build.0 = Release|Any CPU
		{16F83CCE-F2CB-48A4-8343-DDAF733EE82F}.Release|x86.ActiveCfg = Release|Any CPU
		{16F83CCE-F2CB-48A4-8343-DDAF733EE82F}.Release|x86.Build.0 = Release|Any CPU
		{3E229D0A-04F0-4426-B27A-A69307841338}.Ad-Hoc|Any CPU.ActiveCfg = Debug|Any CPU
		{3E229D0A-04F0-4426-B27A-A69307841338}.Ad-Hoc|Any CPU.Build.0 = Debug|Any CPU
		{3E229D0A-04F0-4426-B27A-A69307841338}.Ad-Hoc|ARM.ActiveCfg = Debug|Any CPU
		{3E229D0A-04F0-4426-B27A-A69307841338}.Ad-Hoc|ARM.Build.0 = Debug|Any CPU
		{3E229D0A-04F0-4426-B27A-A69307841338}.Ad-Hoc|ARM64.ActiveCfg = Debug|Any CPU
		{3E229D0A-04F0-4426-B27A-A69307841338}.Ad-Hoc|ARM64.Build.0 = Debug|Any CPU
		{3E229D0A-04F0-4426-B27A-A69307841338}.Ad-Hoc|iPhone.ActiveCfg = Debug|Any CPU
		{3E229D0A-04F0-4426-B27A-A69307841338}.Ad-Hoc|iPhone.Build.0 = Debug|Any CPU
		{3E229D0A-04F0-4426-B27A-A69307841338}.Ad-Hoc|iPhoneSimulator.ActiveCfg = Debug|Any CPU
		{3E229D0A-04F0-4426-B27A-A69307841338}.Ad-Hoc|iPhoneSimulator.Build.0 = Debug|Any CPU
		{3E229D0A-04F0-4426-B27A-A69307841338}.Ad-Hoc|x64.ActiveCfg = Debug|Any CPU
		{3E229D0A-04F0-4426-B27A-A69307841338}.Ad-Hoc|x64.Build.0 = Debug|Any CPU
		{3E229D0A-04F0-4426-B27A-A69307841338}.Ad-Hoc|x86.ActiveCfg = Debug|Any CPU
		{3E229D0A-04F0-4426-B27A-A69307841338}.Ad-Hoc|x86.Build.0 = Debug|Any CPU
		{3E229D0A-04F0-4426-B27A-A69307841338}.AppStore|Any CPU.ActiveCfg = Debug|Any CPU
		{3E229D0A-04F0-4426-B27A-A69307841338}.AppStore|Any CPU.Build.0 = Debug|Any CPU
		{3E229D0A-04F0-4426-B27A-A69307841338}.AppStore|ARM.ActiveCfg = Debug|Any CPU
		{3E229D0A-04F0-4426-B27A-A69307841338}.AppStore|ARM.Build.0 = Debug|Any CPU
		{3E229D0A-04F0-4426-B27A-A69307841338}.AppStore|ARM64.ActiveCfg = Debug|Any CPU
		{3E229D0A-04F0-4426-B27A-A69307841338}.AppStore|ARM64.Build.0 = Debug|Any CPU
		{3E229D0A-04F0-4426-B27A-A69307841338}.AppStore|iPhone.ActiveCfg = Debug|Any CPU
		{3E229D0A-04F0-4426-B27A-A69307841338}.AppStore|iPhone.Build.0 = Debug|Any CPU
		{3E229D0A-04F0-4426-B27A-A69307841338}.AppStore|iPhoneSimulator.ActiveCfg = Debug|Any CPU
		{3E229D0A-04F0-4426-B27A-A69307841338}.AppStore|iPhoneSimulator.Build.0 = Debug|Any CPU
		{3E229D0A-04F0-4426-B27A-A69307841338}.AppStore|x64.ActiveCfg = Debug|Any CPU
		{3E229D0A-04F0-4426-B27A-A69307841338}.AppStore|x64.Build.0 = Debug|Any CPU
		{3E229D0A-04F0-4426-B27A-A69307841338}.AppStore|x86.ActiveCfg = Debug|Any CPU
		{3E229D0A-04F0-4426-B27A-A69307841338}.AppStore|x86.Build.0 = Debug|Any CPU
		{3E229D0A-04F0-4426-B27A-A69307841338}.Debug|Any CPU.ActiveCfg = Debug|Any CPU
		{3E229D0A-04F0-4426-B27A-A69307841338}.Debug|Any CPU.Build.0 = Debug|Any CPU
		{3E229D0A-04F0-4426-B27A-A69307841338}.Debug|ARM.ActiveCfg = Debug|Any CPU
		{3E229D0A-04F0-4426-B27A-A69307841338}.Debug|ARM.Build.0 = Debug|Any CPU
		{3E229D0A-04F0-4426-B27A-A69307841338}.Debug|ARM64.ActiveCfg = Debug|Any CPU
		{3E229D0A-04F0-4426-B27A-A69307841338}.Debug|ARM64.Build.0 = Debug|Any CPU
		{3E229D0A-04F0-4426-B27A-A69307841338}.Debug|iPhone.ActiveCfg = Debug|Any CPU
		{3E229D0A-04F0-4426-B27A-A69307841338}.Debug|iPhone.Build.0 = Debug|Any CPU
		{3E229D0A-04F0-4426-B27A-A69307841338}.Debug|iPhoneSimulator.ActiveCfg = Debug|Any CPU
		{3E229D0A-04F0-4426-B27A-A69307841338}.Debug|iPhoneSimulator.Build.0 = Debug|Any CPU
		{3E229D0A-04F0-4426-B27A-A69307841338}.Debug|x64.ActiveCfg = Debug|Any CPU
		{3E229D0A-04F0-4426-B27A-A69307841338}.Debug|x64.Build.0 = Debug|Any CPU
		{3E229D0A-04F0-4426-B27A-A69307841338}.Debug|x86.ActiveCfg = Debug|Any CPU
		{3E229D0A-04F0-4426-B27A-A69307841338}.Debug|x86.Build.0 = Debug|Any CPU
		{3E229D0A-04F0-4426-B27A-A69307841338}.Release|Any CPU.ActiveCfg = Release|Any CPU
		{3E229D0A-04F0-4426-B27A-A69307841338}.Release|Any CPU.Build.0 = Release|Any CPU
		{3E229D0A-04F0-4426-B27A-A69307841338}.Release|ARM.ActiveCfg = Release|Any CPU
		{3E229D0A-04F0-4426-B27A-A69307841338}.Release|ARM.Build.0 = Release|Any CPU
		{3E229D0A-04F0-4426-B27A-A69307841338}.Release|ARM64.ActiveCfg = Release|Any CPU
		{3E229D0A-04F0-4426-B27A-A69307841338}.Release|ARM64.Build.0 = Release|Any CPU
		{3E229D0A-04F0-4426-B27A-A69307841338}.Release|iPhone.ActiveCfg = Release|Any CPU
		{3E229D0A-04F0-4426-B27A-A69307841338}.Release|iPhone.Build.0 = Release|Any CPU
		{3E229D0A-04F0-4426-B27A-A69307841338}.Release|iPhoneSimulator.ActiveCfg = Release|Any CPU
		{3E229D0A-04F0-4426-B27A-A69307841338}.Release|iPhoneSimulator.Build.0 = Release|Any CPU
		{3E229D0A-04F0-4426-B27A-A69307841338}.Release|x64.ActiveCfg = Release|Any CPU
		{3E229D0A-04F0-4426-B27A-A69307841338}.Release|x64.Build.0 = Release|Any CPU
		{3E229D0A-04F0-4426-B27A-A69307841338}.Release|x86.ActiveCfg = Release|Any CPU
		{3E229D0A-04F0-4426-B27A-A69307841338}.Release|x86.Build.0 = Release|Any CPU
		{6647EDA0-AE52-4C1B-8F69-CB8E6CABF75F}.Ad-Hoc|Any CPU.ActiveCfg = Debug|Any CPU
		{6647EDA0-AE52-4C1B-8F69-CB8E6CABF75F}.Ad-Hoc|Any CPU.Build.0 = Debug|Any CPU
		{6647EDA0-AE52-4C1B-8F69-CB8E6CABF75F}.Ad-Hoc|ARM.ActiveCfg = Debug|Any CPU
		{6647EDA0-AE52-4C1B-8F69-CB8E6CABF75F}.Ad-Hoc|ARM.Build.0 = Debug|Any CPU
		{6647EDA0-AE52-4C1B-8F69-CB8E6CABF75F}.Ad-Hoc|ARM64.ActiveCfg = Debug|Any CPU
		{6647EDA0-AE52-4C1B-8F69-CB8E6CABF75F}.Ad-Hoc|ARM64.Build.0 = Debug|Any CPU
		{6647EDA0-AE52-4C1B-8F69-CB8E6CABF75F}.Ad-Hoc|iPhone.ActiveCfg = Debug|Any CPU
		{6647EDA0-AE52-4C1B-8F69-CB8E6CABF75F}.Ad-Hoc|iPhone.Build.0 = Debug|Any CPU
		{6647EDA0-AE52-4C1B-8F69-CB8E6CABF75F}.Ad-Hoc|iPhoneSimulator.ActiveCfg = Debug|Any CPU
		{6647EDA0-AE52-4C1B-8F69-CB8E6CABF75F}.Ad-Hoc|iPhoneSimulator.Build.0 = Debug|Any CPU
		{6647EDA0-AE52-4C1B-8F69-CB8E6CABF75F}.Ad-Hoc|x64.ActiveCfg = Debug|Any CPU
		{6647EDA0-AE52-4C1B-8F69-CB8E6CABF75F}.Ad-Hoc|x64.Build.0 = Debug|Any CPU
		{6647EDA0-AE52-4C1B-8F69-CB8E6CABF75F}.Ad-Hoc|x86.ActiveCfg = Debug|Any CPU
		{6647EDA0-AE52-4C1B-8F69-CB8E6CABF75F}.Ad-Hoc|x86.Build.0 = Debug|Any CPU
		{6647EDA0-AE52-4C1B-8F69-CB8E6CABF75F}.AppStore|Any CPU.ActiveCfg = Debug|Any CPU
		{6647EDA0-AE52-4C1B-8F69-CB8E6CABF75F}.AppStore|Any CPU.Build.0 = Debug|Any CPU
		{6647EDA0-AE52-4C1B-8F69-CB8E6CABF75F}.AppStore|ARM.ActiveCfg = Debug|Any CPU
		{6647EDA0-AE52-4C1B-8F69-CB8E6CABF75F}.AppStore|ARM.Build.0 = Debug|Any CPU
		{6647EDA0-AE52-4C1B-8F69-CB8E6CABF75F}.AppStore|ARM64.ActiveCfg = Debug|Any CPU
		{6647EDA0-AE52-4C1B-8F69-CB8E6CABF75F}.AppStore|ARM64.Build.0 = Debug|Any CPU
		{6647EDA0-AE52-4C1B-8F69-CB8E6CABF75F}.AppStore|iPhone.ActiveCfg = Debug|Any CPU
		{6647EDA0-AE52-4C1B-8F69-CB8E6CABF75F}.AppStore|iPhone.Build.0 = Debug|Any CPU
		{6647EDA0-AE52-4C1B-8F69-CB8E6CABF75F}.AppStore|iPhoneSimulator.ActiveCfg = Debug|Any CPU
		{6647EDA0-AE52-4C1B-8F69-CB8E6CABF75F}.AppStore|iPhoneSimulator.Build.0 = Debug|Any CPU
		{6647EDA0-AE52-4C1B-8F69-CB8E6CABF75F}.AppStore|x64.ActiveCfg = Debug|Any CPU
		{6647EDA0-AE52-4C1B-8F69-CB8E6CABF75F}.AppStore|x64.Build.0 = Debug|Any CPU
		{6647EDA0-AE52-4C1B-8F69-CB8E6CABF75F}.AppStore|x86.ActiveCfg = Debug|Any CPU
		{6647EDA0-AE52-4C1B-8F69-CB8E6CABF75F}.AppStore|x86.Build.0 = Debug|Any CPU
		{6647EDA0-AE52-4C1B-8F69-CB8E6CABF75F}.Debug|Any CPU.ActiveCfg = Debug|Any CPU
		{6647EDA0-AE52-4C1B-8F69-CB8E6CABF75F}.Debug|Any CPU.Build.0 = Debug|Any CPU
		{6647EDA0-AE52-4C1B-8F69-CB8E6CABF75F}.Debug|ARM.ActiveCfg = Debug|Any CPU
		{6647EDA0-AE52-4C1B-8F69-CB8E6CABF75F}.Debug|ARM.Build.0 = Debug|Any CPU
		{6647EDA0-AE52-4C1B-8F69-CB8E6CABF75F}.Debug|ARM64.ActiveCfg = Debug|Any CPU
		{6647EDA0-AE52-4C1B-8F69-CB8E6CABF75F}.Debug|ARM64.Build.0 = Debug|Any CPU
		{6647EDA0-AE52-4C1B-8F69-CB8E6CABF75F}.Debug|iPhone.ActiveCfg = Debug|Any CPU
		{6647EDA0-AE52-4C1B-8F69-CB8E6CABF75F}.Debug|iPhone.Build.0 = Debug|Any CPU
		{6647EDA0-AE52-4C1B-8F69-CB8E6CABF75F}.Debug|iPhoneSimulator.ActiveCfg = Debug|Any CPU
		{6647EDA0-AE52-4C1B-8F69-CB8E6CABF75F}.Debug|iPhoneSimulator.Build.0 = Debug|Any CPU
		{6647EDA0-AE52-4C1B-8F69-CB8E6CABF75F}.Debug|x64.ActiveCfg = Debug|Any CPU
		{6647EDA0-AE52-4C1B-8F69-CB8E6CABF75F}.Debug|x64.Build.0 = Debug|Any CPU
		{6647EDA0-AE52-4C1B-8F69-CB8E6CABF75F}.Debug|x86.ActiveCfg = Debug|Any CPU
		{6647EDA0-AE52-4C1B-8F69-CB8E6CABF75F}.Debug|x86.Build.0 = Debug|Any CPU
		{6647EDA0-AE52-4C1B-8F69-CB8E6CABF75F}.Release|Any CPU.ActiveCfg = Release|Any CPU
		{6647EDA0-AE52-4C1B-8F69-CB8E6CABF75F}.Release|Any CPU.Build.0 = Release|Any CPU
		{6647EDA0-AE52-4C1B-8F69-CB8E6CABF75F}.Release|ARM.ActiveCfg = Release|Any CPU
		{6647EDA0-AE52-4C1B-8F69-CB8E6CABF75F}.Release|ARM.Build.0 = Release|Any CPU
		{6647EDA0-AE52-4C1B-8F69-CB8E6CABF75F}.Release|ARM64.ActiveCfg = Release|Any CPU
		{6647EDA0-AE52-4C1B-8F69-CB8E6CABF75F}.Release|ARM64.Build.0 = Release|Any CPU
		{6647EDA0-AE52-4C1B-8F69-CB8E6CABF75F}.Release|iPhone.ActiveCfg = Release|Any CPU
		{6647EDA0-AE52-4C1B-8F69-CB8E6CABF75F}.Release|iPhone.Build.0 = Release|Any CPU
		{6647EDA0-AE52-4C1B-8F69-CB8E6CABF75F}.Release|iPhoneSimulator.ActiveCfg = Release|Any CPU
		{6647EDA0-AE52-4C1B-8F69-CB8E6CABF75F}.Release|iPhoneSimulator.Build.0 = Release|Any CPU
		{6647EDA0-AE52-4C1B-8F69-CB8E6CABF75F}.Release|x64.ActiveCfg = Release|Any CPU
		{6647EDA0-AE52-4C1B-8F69-CB8E6CABF75F}.Release|x64.Build.0 = Release|Any CPU
		{6647EDA0-AE52-4C1B-8F69-CB8E6CABF75F}.Release|x86.ActiveCfg = Release|Any CPU
		{6647EDA0-AE52-4C1B-8F69-CB8E6CABF75F}.Release|x86.Build.0 = Release|Any CPU
		{BFFAA9FE-9ED1-414A-959E-CA0F55E91812}.Ad-Hoc|Any CPU.ActiveCfg = Debug|Any CPU
		{BFFAA9FE-9ED1-414A-959E-CA0F55E91812}.Ad-Hoc|Any CPU.Build.0 = Debug|Any CPU
		{BFFAA9FE-9ED1-414A-959E-CA0F55E91812}.Ad-Hoc|ARM.ActiveCfg = Debug|Any CPU
		{BFFAA9FE-9ED1-414A-959E-CA0F55E91812}.Ad-Hoc|ARM.Build.0 = Debug|Any CPU
		{BFFAA9FE-9ED1-414A-959E-CA0F55E91812}.Ad-Hoc|ARM64.ActiveCfg = Debug|Any CPU
		{BFFAA9FE-9ED1-414A-959E-CA0F55E91812}.Ad-Hoc|ARM64.Build.0 = Debug|Any CPU
		{BFFAA9FE-9ED1-414A-959E-CA0F55E91812}.Ad-Hoc|iPhone.ActiveCfg = Debug|Any CPU
		{BFFAA9FE-9ED1-414A-959E-CA0F55E91812}.Ad-Hoc|iPhone.Build.0 = Debug|Any CPU
		{BFFAA9FE-9ED1-414A-959E-CA0F55E91812}.Ad-Hoc|iPhoneSimulator.ActiveCfg = Debug|Any CPU
		{BFFAA9FE-9ED1-414A-959E-CA0F55E91812}.Ad-Hoc|iPhoneSimulator.Build.0 = Debug|Any CPU
		{BFFAA9FE-9ED1-414A-959E-CA0F55E91812}.Ad-Hoc|x64.ActiveCfg = Debug|Any CPU
		{BFFAA9FE-9ED1-414A-959E-CA0F55E91812}.Ad-Hoc|x64.Build.0 = Debug|Any CPU
		{BFFAA9FE-9ED1-414A-959E-CA0F55E91812}.Ad-Hoc|x86.ActiveCfg = Debug|Any CPU
		{BFFAA9FE-9ED1-414A-959E-CA0F55E91812}.Ad-Hoc|x86.Build.0 = Debug|Any CPU
		{BFFAA9FE-9ED1-414A-959E-CA0F55E91812}.AppStore|Any CPU.ActiveCfg = Debug|Any CPU
		{BFFAA9FE-9ED1-414A-959E-CA0F55E91812}.AppStore|Any CPU.Build.0 = Debug|Any CPU
		{BFFAA9FE-9ED1-414A-959E-CA0F55E91812}.AppStore|ARM.ActiveCfg = Debug|Any CPU
		{BFFAA9FE-9ED1-414A-959E-CA0F55E91812}.AppStore|ARM.Build.0 = Debug|Any CPU
		{BFFAA9FE-9ED1-414A-959E-CA0F55E91812}.AppStore|ARM64.ActiveCfg = Debug|Any CPU
		{BFFAA9FE-9ED1-414A-959E-CA0F55E91812}.AppStore|ARM64.Build.0 = Debug|Any CPU
		{BFFAA9FE-9ED1-414A-959E-CA0F55E91812}.AppStore|iPhone.ActiveCfg = Debug|Any CPU
		{BFFAA9FE-9ED1-414A-959E-CA0F55E91812}.AppStore|iPhone.Build.0 = Debug|Any CPU
		{BFFAA9FE-9ED1-414A-959E-CA0F55E91812}.AppStore|iPhoneSimulator.ActiveCfg = Debug|Any CPU
		{BFFAA9FE-9ED1-414A-959E-CA0F55E91812}.AppStore|iPhoneSimulator.Build.0 = Debug|Any CPU
		{BFFAA9FE-9ED1-414A-959E-CA0F55E91812}.AppStore|x64.ActiveCfg = Debug|Any CPU
		{BFFAA9FE-9ED1-414A-959E-CA0F55E91812}.AppStore|x64.Build.0 = Debug|Any CPU
		{BFFAA9FE-9ED1-414A-959E-CA0F55E91812}.AppStore|x86.ActiveCfg = Debug|Any CPU
		{BFFAA9FE-9ED1-414A-959E-CA0F55E91812}.AppStore|x86.Build.0 = Debug|Any CPU
		{BFFAA9FE-9ED1-414A-959E-CA0F55E91812}.Debug|Any CPU.ActiveCfg = Debug|Any CPU
		{BFFAA9FE-9ED1-414A-959E-CA0F55E91812}.Debug|Any CPU.Build.0 = Debug|Any CPU
		{BFFAA9FE-9ED1-414A-959E-CA0F55E91812}.Debug|ARM.ActiveCfg = Debug|Any CPU
		{BFFAA9FE-9ED1-414A-959E-CA0F55E91812}.Debug|ARM.Build.0 = Debug|Any CPU
		{BFFAA9FE-9ED1-414A-959E-CA0F55E91812}.Debug|ARM64.ActiveCfg = Debug|Any CPU
		{BFFAA9FE-9ED1-414A-959E-CA0F55E91812}.Debug|ARM64.Build.0 = Debug|Any CPU
		{BFFAA9FE-9ED1-414A-959E-CA0F55E91812}.Debug|iPhone.ActiveCfg = Debug|Any CPU
		{BFFAA9FE-9ED1-414A-959E-CA0F55E91812}.Debug|iPhone.Build.0 = Debug|Any CPU
		{BFFAA9FE-9ED1-414A-959E-CA0F55E91812}.Debug|iPhoneSimulator.ActiveCfg = Debug|Any CPU
		{BFFAA9FE-9ED1-414A-959E-CA0F55E91812}.Debug|iPhoneSimulator.Build.0 = Debug|Any CPU
		{BFFAA9FE-9ED1-414A-959E-CA0F55E91812}.Debug|x64.ActiveCfg = Debug|Any CPU
		{BFFAA9FE-9ED1-414A-959E-CA0F55E91812}.Debug|x64.Build.0 = Debug|Any CPU
		{BFFAA9FE-9ED1-414A-959E-CA0F55E91812}.Debug|x86.ActiveCfg = Debug|Any CPU
		{BFFAA9FE-9ED1-414A-959E-CA0F55E91812}.Debug|x86.Build.0 = Debug|Any CPU
		{BFFAA9FE-9ED1-414A-959E-CA0F55E91812}.Release|Any CPU.ActiveCfg = Release|Any CPU
		{BFFAA9FE-9ED1-414A-959E-CA0F55E91812}.Release|Any CPU.Build.0 = Release|Any CPU
		{BFFAA9FE-9ED1-414A-959E-CA0F55E91812}.Release|ARM.ActiveCfg = Release|Any CPU
		{BFFAA9FE-9ED1-414A-959E-CA0F55E91812}.Release|ARM.Build.0 = Release|Any CPU
		{BFFAA9FE-9ED1-414A-959E-CA0F55E91812}.Release|ARM64.ActiveCfg = Release|Any CPU
		{BFFAA9FE-9ED1-414A-959E-CA0F55E91812}.Release|ARM64.Build.0 = Release|Any CPU
		{BFFAA9FE-9ED1-414A-959E-CA0F55E91812}.Release|iPhone.ActiveCfg = Release|Any CPU
		{BFFAA9FE-9ED1-414A-959E-CA0F55E91812}.Release|iPhone.Build.0 = Release|Any CPU
		{BFFAA9FE-9ED1-414A-959E-CA0F55E91812}.Release|iPhoneSimulator.ActiveCfg = Release|Any CPU
		{BFFAA9FE-9ED1-414A-959E-CA0F55E91812}.Release|iPhoneSimulator.Build.0 = Release|Any CPU
		{BFFAA9FE-9ED1-414A-959E-CA0F55E91812}.Release|x64.ActiveCfg = Release|Any CPU
		{BFFAA9FE-9ED1-414A-959E-CA0F55E91812}.Release|x64.Build.0 = Release|Any CPU
		{BFFAA9FE-9ED1-414A-959E-CA0F55E91812}.Release|x86.ActiveCfg = Release|Any CPU
		{BFFAA9FE-9ED1-414A-959E-CA0F55E91812}.Release|x86.Build.0 = Release|Any CPU
	EndGlobalSection
	GlobalSection(SolutionProperties) = preSolution
		HideSolutionNode = FALSE
	EndGlobalSection
	GlobalSection(NestedProjects) = preSolution
		{17E4ECE4-83E1-4279-B570-3885C822841E} = {5D93C4D3-E327-455F-AE82-13A7A461B161}
		{F8BFD0E6-5226-47F9-81A8-39F8E1802D96} = {5D93C4D3-E327-455F-AE82-13A7A461B161}
		{B159E42A-0FA9-4FD6-B13A-414BB905921A} = {5D93C4D3-E327-455F-AE82-13A7A461B161}
		{011046FD-B899-4644-8BF6-09FAB257C873} = {5D93C4D3-E327-455F-AE82-13A7A461B161}
		{0BC37E0B-6DA4-4E8F-8D64-CA711554DEBD} = {5D93C4D3-E327-455F-AE82-13A7A461B161}
		{16F83CCE-F2CB-48A4-8343-DDAF733EE82F} = {5D93C4D3-E327-455F-AE82-13A7A461B161}
		{3E229D0A-04F0-4426-B27A-A69307841338} = {5D93C4D3-E327-455F-AE82-13A7A461B161}
		{6647EDA0-AE52-4C1B-8F69-CB8E6CABF75F} = {5D93C4D3-E327-455F-AE82-13A7A461B161}
		{BFFAA9FE-9ED1-414A-959E-CA0F55E91812} = {5D93C4D3-E327-455F-AE82-13A7A461B161}
	EndGlobalSection
	GlobalSection(ExtensibilityGlobals) = postSolution
		SolutionGuid = {37C19921-FF47-4314-80E1-6029A34A1128}
	EndGlobalSection
EndGlobal
